
Microsoft Visual Studio Solution File, Format Version 12.00
# Visual Studio Version 17
VisualStudioVersion = 17.0.32014.148
MinimumVisualStudioVersion = 10.0.40219.1
Project("{FAE04EC0-301F-11D3-BF4B-00C04F79EFBC}") = "Homework4_CloudComputing", "Homework4_CloudComputing\Homework4_CloudComputing.csproj", "{B49CCAC1-AC52-4FF5-AD1B-826932AA7A42}"
EndProject
Global
	GlobalSection(SolutionConfigurationPlatforms) = preSolution
		Debug|Any CPU = Debug|Any CPU
		Release|Any CPU = Release|Any CPU
	EndGlobalSection
	GlobalSection(ProjectConfigurationPlatforms) = postSolution
		{B49CCAC1-AC52-4FF5-AD1B-826932AA7A42}.Debug|Any CPU.ActiveCfg = Debug|Any CPU
		{B49CCAC1-AC52-4FF5-AD1B-826932AA7A42}.Debug|Any CPU.Build.0 = Debug|Any CPU
		{B49CCAC1-AC52-4FF5-AD1B-826932AA7A42}.Release|Any CPU.ActiveCfg = Release|Any CPU
		{B49CCAC1-AC52-4FF5-AD1B-826932AA7A42}.Release|Any CPU.Build.0 = Release|Any CPU
	EndGlobalSection
	GlobalSection(SolutionProperties) = preSolution
		HideSolutionNode = FALSE
	EndGlobalSection
	GlobalSection(ExtensibilityGlobals) = postSolution
		SolutionGuid = {B9DC82E4-4133-47BF-B5A0-7A0DE3DBC61D}
	EndGlobalSection
EndGlobal
